{
  "lockfile_version": "1",
  "packages": {
    "cargo@latest": {
      "last_modified": "2026-08-27T07:16:00Z",
      "resolved": "github:NixOS/nixpkgs/c27cdad491a991b11ed731760aa2ef8db0cb0410#cargo",
      "source": "devbox-search",
      "version": "1.97.1",
      "systems": {
        "aarch64-darwin": {
          "outputs": [
            {
              "name": "out",
              "path": "/nix/store/cvd2pzmgq4pr7kkzx2zmya47fqd70sqa-cargo-1.97.1",
              "default": true
            }
          ],
          "store_path": "/nix/store/cvd2pzmgq4pr7kkzx2zmya47fqd70sqa-cargo-1.97.1"
        },
        "aarch64-linux": {
          "outputs": [
            {
              "name": "out",
              "path": "/nix/store/z64fp7fjfy9zr3xn7prdidi4gww213d5-cargo-1.97.1",
              "default": true
            }
          ],
          "store_path": "/nix/store/z64fp7fjfy9zr3xn7prdidi4gww213d5-cargo-1.97.1"
        },
        "x86_64-linux": {
          "outputs": [
            {
              "name": "out",
              "path": "/nix/store/dv55qwamlq68hdiprg1v104ymwh1c27r-cargo-1.97.1",
              "default": true
            }
          ],
          "store_path": "/nix/store/dv55qwamlq68hdiprg1v104ymwh1c27r-cargo-1.97.1"
        }
      }
    },
    "clippy@latest": {
      "last_modified": "2026-08-27T07:16:00Z",
      "resolved": "github:NixOS/nixpkgs/c27cdad491a991b11ed731760aa2ef8db0cb0410#clippy",
      "source": "devbox-search",
      "version": "1.97.1",
      "systems": {
        "aarch64-darwin": {
          "outputs": [
            {
              "name": "out",
              "path": "/nix/store/v3i30k0c7qw3imdbq491328r4a6qry1m-clippy-1.97.1",
              "default": true
            }
          ],
          "store_path": "/nix/store/v3i30k0c7qw3imdbq491328r4a6qry1m-clippy-1.97.1"
        },
        "aarch64-linux": {
          "outputs": [
            {
              "name": "out",
              "path": "/nix/store/y6v5c5bb5drnvyf3jgm4qkkyihnfjwhj-clippy-1.97.1",
              "default": true
            },
            {
              "name": "debug",
              "path": "/nix/store/3mbk6zr9jqgzv3zfz3x3mirkf9894b5k-clippy-1.97.1-debug"
            }
          ],
          "store_path": "/nix/store/y6v5c5bb5drnvyf3jgm4qkkyihnfjwhj-clippy-1.97.1"
        },
        "x86_64-linux": {
          "outputs": [
            {
              "name": "out",
              "path": "/nix/store/n4c4rzywa0wsfy239bqkgsx8lfhsfmwx-clippy-1.97.1",
              "default": true
            },
            {
              "name": "debug",
              "path": "/nix/store/nafib7p33g095kh5s8y790wdcrv7mp9l-clippy-1.97.1-debug"
            }
          ],
          "store_path": "/nix/store/n4c4rzywa0wsfy239bqkgsx8lfhsfmwx-clippy-1.97.1"
        }
      }
    },
    "github:NixOS/nixpkgs/nixpkgs-unstable": {
      "last_modified": "2026-09-24T08:34:56Z",
      "resolved": "github:NixOS/nixpkgs/34ca302a9572963c02e385c056be37c85ff51b77?lastModified=1790238896&narHash=sha256-ym4BG18Pu2awiJIehla1Lo9xiB2QYRcCzW3SB74gEBY%3D"
    },
    "jq@latest": {
      "last_modified": "2026-08-29T00:50:12Z",
      "resolved": "github:NixOS/nixpkgs/e8be7818e19ada32105a8af937a6a473b38167ca#jq",
      "source": "devbox-search",
      "version": "1.8.2",
      "systems": {
        "aarch64-darwin": {
          "outputs": [
            {
              "name": "bin",
              "path": "/nix/store/d01nk4ck93bwlzwbnnb1qf1kv4d94a09-jq-1.8.2-bin",
              "default": true
            },
            {
              "name": "man",
              "path": "/nix/store/s1d0597z830wrhza2g5b6i9a4a0jis8a-jq-1.8.2-man",
              "default": true
            },
            {
              "name": "out",
              "path": "/nix/store/bpfcs06n720irpzril2mh6z59ddafhzx-jq-1.8.2"
            },
            {
              "name": "dev",
              "path": "/nix/store/mf170p9ynrn0g7s5i8kw655i1q4dxl6y-jq-1.8.2-dev"
            },
            {
              "name": "doc",
              "path": "/nix/store/bhalwqvdympjhs6gj584d29bga0l8q3s-jq-1.8.2-doc"
            }
          ],
          "store_path": "/nix/store/d01nk4ck93bwlzwbnnb1qf1kv4d94a09-jq-1.8.2-bin"
        },
        "aarch64-linux": {
          "outputs": [
            {
              "name": "bin",
              "path": "/nix/store/hrr6n4qkb2j2rqh7a1jda0yc9gpa8h4d-jq-1.8.2-bin",
              "default": true
            },
            {
              "name": "man",
              "path": "/nix/store/y3rq55wvfwpfy45nmz6yc2vxgcr1zns5-jq-1.8.2-man",
              "default": true
            },
            {
              "name": "dev",
              "path": "/nix/store/xi52wx9sndkrrzp5wy2d8nrw1hysm8hc-jq-1.8.2-dev"
            },
            {
              "name": "doc",
              "path": "/nix/store/frrdd4c55msxdrd3fmyadyry5dwnnysd-jq-1.8.2-doc"
            },
            {
              "name": "out",
              "path": "/nix/store/qjpdggb1lyay7wv5a0p9j9cvj9y3j2a6-jq-1.8.2"
            }
          ],
          "store_path": "/nix/store/hrr6n4qkb2j2rqh7a1jda0yc9gpa8h4d-jq-1.8.2-bin"
        },
        "x86_64-linux": {
          "outputs": [
            {
              "name": "bin",
              "path": "/nix/store/xvd6920kffyyshg7mbw5wvfk6lg9wfkl-jq-1.8.2-bin",
              "default": true
            },
            {
              "name": "man",
              "path": "/nix/store/n36fiv9a8p19bcj6cyjfgmb0l9s55qfn-jq-1.8.2-man",
              "default": true
            },
            {
              "name": "dev",
              "path": "/nix/store/qavm4f7d2wm4s9v1ck90n200y20x95fm-jq-1.8.2-dev"
            },
            {
              "name": "doc",
              "path": "/nix/store/2ga5gcahn4vr0b5fmlinxbz1w2m4qm5g-jq-1.8.2-doc"
            },
            {
              "name": "out",
              "path": "/nix/store/d91mwgs15hv4ajza7jn6axyiwa07ga7m-jq-1.8.2"
            }
          ],
          "store_path": "/nix/store/xvd6920kffyyshg7mbw5wvfk6lg9wfkl-jq-1.8.2-bin"
        }
      }
    },
    "libiconv@latest": {
      "last_modified": "2026-08-27T07:16:00Z",
      "resolved": "github:NixOS/nixpkgs/c27cdad491a991b11ed731760aa2ef8db0cb0410#libiconv",
      "source": "devbox-search",
      "version": "2.42",
      "systems": {
        "aarch64-linux": {
          "outputs": [
            {
              "name": "out",
              "path": "/nix/store/rp6yp8pwyv5g7da2q3v93spzcz9l97xz-glibc-iconv-2.42",
              "default": true
            }
          ],
          "store_path": "/nix/store/rp6yp8pwyv5g7da2q3v93spzcz9l97xz-glibc-iconv-2.42"
        },
        "x86_64-linux": {
          "outputs": [
            {
              "name": "out",
              "path": "/nix/store/m5nwyps66vgzkqk9vnh7yr9ly7z7hhi3-glibc-iconv-2.42",
              "default": true
            }
          ],
          "store_path": "/nix/store/m5nwyps66vgzkqk9vnh7yr9ly7z7hhi3-glibc-iconv-2.42"
        }
      }
    },
    "rust-analyzer@latest": {
      "last_modified": "2026-08-27T07:16:00Z",
      "resolved": "github:NixOS/nixpkgs/c27cdad491a991b11ed731760aa2ef8db0cb0410#rust-analyzer",
      "source": "devbox-search",
      "version": "2026-08-03",
      "systems": {
        "aarch64-darwin": {
          "outputs": [
            {
              "name": "out",
              "path": "/nix/store/pkap0bsb06zw4fgfm9xgjb6riw1si2ff-rust-analyzer-2026-08-03",
              "default": true
            }
          ],
          "store_path": "/nix/store/pkap0bsb06zw4fgfm9xgjb6riw1si2ff-rust-analyzer-2026-08-03"
        },
        "aarch64-linux": {
          "outputs": [
            {
              "name": "out",
              "path": "/nix/store/ca6sax84kdmcy7g6fijh7fymqrp37qbg-rust-analyzer-2026-08-03",
              "default": true
            }
          ],
          "store_path": "/nix/store/ca6sax84kdmcy7g6fijh7fymqrp37qbg-rust-analyzer-2026-08-03"
        },
        "x86_64-linux": {
          "outputs": [
            {
              "name": "out",
              "path": "/nix/store/4q11fsqhl7jn3a73paih88rrhiazb784-rust-analyzer-2026-08-03",
              "default": true
            }
          ],
          "store_path": "/nix/store/4q11fsqhl7jn3a73paih88rrhiazb784-rust-analyzer-2026-08-03"
        }
      }
    },
    "rustc@latest": {
      "last_modified": "2026-08-27T07:16:00Z",
      "plugin_version": "0.0.1",
      "resolved": "github:NixOS/nixpkgs/c27cdad491a991b11ed731760aa2ef8db0cb0410#rustc",
      "source": "devbox-search",
      "version": "1.97.1",
      "systems": {
        "aarch64-darwin": {
          "outputs": [
            {
              "name": "out",
              "path": "/nix/store/swrk83krgf2iaqd7a1bs0pg1sinlz5ds-rustc-wrapper-1.97.1",
              "default": true
            },
            {
              "name": "man",
              "path": "/nix/store/grw7ifdixkdr4ya8bw5x0psjyfr5azva-rustc-wrapper-1.97.1-man",
              "default": true
            },
            {
              "name": "doc",
              "path": "/nix/store/8qkha38sic70l51g4l7dmjrxnzqjrr6w-rustc-wrapper-1.97.1-doc"
            }
          ],
          "store_path": "/nix/store/swrk83krgf2iaqd7a1bs0pg1sinlz5ds-rustc-wrapper-1.97.1"
        },
        "aarch64-linux": {
          "outputs": [
            {
              "name": "out",
              "path": "/nix/store/d6bnbpk6jr95frzmmksda4r7l3v8d3m6-rustc-wrapper-1.97.1",
              "default": true
            },
            {
              "name": "man",
              "path": "/nix/store/hn340n5pi9p30j4bcxgzqgq8lmclg1by-rustc-wrapper-1.97.1-man",
              "default": true
            },
            {
              "name": "doc",
              "path": "/nix/store/avbwjkw896rb3nl28kh8qv6kxyq5b9v2-rustc-wrapper-1.97.1-doc"
            }
          ],
          "store_path": "/nix/store/d6bnbpk6jr95frzmmksda4r7l3v8d3m6-rustc-wrapper-1.97.1"
        },
        "x86_64-linux": {
          "outputs": [
            {
              "name": "out",
              "path": "/nix/store/yaa1sq5g4jar7rvlspy7kk2wd98nj6qh-rustc-wrapper-1.97.1",
              "default": true
            },
            {
              "name": "man",
              "path": "/nix/store/an2hvf5i7mq52mqdad9rad8mxkpksmq2-rustc-wrapper-1.97.1-man",
              "default": true
            },
            {
              "name": "doc",
              "path": "/nix/store/8svfp79q0gx10gcrsyxf1pw04q8jf0lp-rustc-wrapper-1.97.1-doc"
            }
          ],
          "store_path": "/nix/store/yaa1sq5g4jar7rvlspy7kk2wd98nj6qh-rustc-wrapper-1.97.1"
        }
      }
    },
    "rustfmt@latest": {
      "last_modified": "2026-08-27T07:16:00Z",
      "resolved": "github:NixOS/nixpkgs/c27cdad491a991b11ed731760aa2ef8db0cb0410#rustfmt",
      "source": "devbox-search",
      "version": "1.97.1",
      "systems": {
        "aarch64-darwin": {
          "outputs": [
            {
              "name": "out",
              "path": "/nix/store/l7xlkqk1bz4w75rwf5dh7pn2br04n59l-rustfmt-1.97.1",
              "default": true
            }
          ],
          "store_path": "/nix/store/l7xlkqk1bz4w75rwf5dh7pn2br04n59l-rustfmt-1.97.1"
        },
        "aarch64-linux": {
          "outputs": [
            {
              "name": "out",
              "path": "/nix/store/rl3j1za9dpdri1vr52vl69y1qczjb5zv-rustfmt-1.97.1",
              "default": true
            }
          ],
          "store_path": "/nix/store/rl3j1za9dpdri1vr52vl69y1qczjb5zv-rustfmt-1.97.1"
        },
        "x86_64-linux": {
          "outputs": [
            {
              "name": "out",
              "path": "/nix/store/47k26k98v32x56rxiqawdk5qk0r0b6w1-rustfmt-1.97.1",
              "default": true
            }
          ],
          "store_path": "/nix/store/47k26k98v32x56rxiqawdk5qk0r0b6w1-rustfmt-1.97.1"
        }
      }
    }
  }
}
